
Microsoft Visual Studio Solution File, Format Version 12.00
# Visual Studio Version 17
VisualStudioVersion = 17.2.32630.192
MinimumVisualStudioVersion = 10.0.40219.1
Project("{9A19103F-16F7-4668-BE54-9A1E7A4F7556}") = "D8S.L0016", "D8S.L0016\D8S.L0016.csproj", "{37B1E28A-C42D-4306-92B3-3748D1071D73}"
EndProject
Project("{9A19103F-16F7-4668-BE54-9A1E7A4F7556}") = "D8S.L0016.F000", "D8S.L0016.F000\D8S.L0016.F000.csproj", "{7A9BF77C-AF27-499E-AB2D-76B1E26A43E8}"
EndProject
Project("{2150E333-8FDC-42A3-9474-1A3956D46DE8}") = "_Dependencies", "_Dependencies", "{8D111A89-A8E1-493B-BFF2-70AEC031B69F}"
EndProject
Project("{9A19103F-16F7-4668-BE54-9A1E7A4F7556}") = "R5T.T0132", "..\..\..\SafetyCone\R5T.T0132\source\R5T.T0132\R5T.T0132.csproj", "{F68FA238-39CC-4819-BCFC-CCDF5495D133}"
EndProject
Project("{9A19103F-16F7-4668-BE54-9A1E7A4F7556}") = "R5T.T0143", "..\..\..\SafetyCone\R5T.T0143\source\R5T.T0143\R5T.T0143.csproj", "{A9CF71C0-CE16-4340-9401-140930E32208}"
EndProject
Project("{9A19103F-16F7-4668-BE54-9A1E7A4F7556}") = "D8S.L0017.F000", "..\..\D8S.L0017\source\D8S.L0017.F000\D8S.L0017.F000.csproj", "{DC09F144-96A6-49D8-A477-9525A33FB1F4}"
EndProject
Project("{9A19103F-16F7-4668-BE54-9A1E7A4F7556}") = "D8S.Y0002.Y000", "..\..\D8S.Y0002\source\D8S.Y0002.Y000\D8S.Y0002.Y000.csproj", "{FB341982-8752-442A-8A74-ACEB70C2A41D}"
EndProject
Project("{9A19103F-16F7-4668-BE54-9A1E7A4F7556}") = "R5T.T0156", "..\..\..\SafetyCone\R5T.T0156\source\R5T.T0156\R5T.T0156.csproj", "{9706F76F-0D72-4EFF-A187-59F02D0B2B78}"
EndProject
Global
	GlobalSection(NestedProjects) = preSolution
		{F68FA238-39CC-4819-BCFC-CCDF5495D133} = {8D111A89-A8E1-493B-BFF2-70AEC031B69F}
		{A9CF71C0-CE16-4340-9401-140930E32208} = {8D111A89-A8E1-493B-BFF2-70AEC031B69F}
		{DC09F144-96A6-49D8-A477-9525A33FB1F4} = {8D111A89-A8E1-493B-BFF2-70AEC031B69F}
		{FB341982-8752-442A-8A74-ACEB70C2A41D} = {8D111A89-A8E1-493B-BFF2-70AEC031B69F}
		{9706F76F-0D72-4EFF-A187-59F02D0B2B78} = {8D111A89-A8E1-493B-BFF2-70AEC031B69F}
	EndGlobalSection
	GlobalSection(SolutionConfigurationPlatforms) = preSolution
		Debug|Any CPU = Debug|Any CPU
		Release|Any CPU = Release|Any CPU
	EndGlobalSection
	GlobalSection(ProjectConfigurationPlatforms) = postSolution
		{37B1E28A-C42D-4306-92B3-3748D1071D73}.Debug|Any CPU.ActiveCfg = Debug|Any CPU
		{37B1E28A-C42D-4306-92B3-3748D1071D73}.Debug|Any CPU.Build.0 = Debug|Any CPU
		{37B1E28A-C42D-4306-92B3-3748D1071D73}.Release|Any CPU.ActiveCfg = Release|Any CPU
		{37B1E28A-C42D-4306-92B3-3748D1071D73}.Release|Any CPU.Build.0 = Release|Any CPU
		{7A9BF77C-AF27-499E-AB2D-76B1E26A43E8}.Debug|Any CPU.ActiveCfg = Debug|Any CPU
		{7A9BF77C-AF27-499E-AB2D-76B1E26A43E8}.Debug|Any CPU.Build.0 = Debug|Any CPU
		{7A9BF77C-AF27-499E-AB2D-76B1E26A43E8}.Release|Any CPU.ActiveCfg = Release|Any CPU
		{7A9BF77C-AF27-499E-AB2D-76B1E26A43E8}.Release|Any CPU.Build.0 = Release|Any CPU
		{F68FA238-39CC-4819-BCFC-CCDF5495D133}.Debug|Any CPU.ActiveCfg = Debug|Any CPU
		{F68FA238-39CC-4819-BCFC-CCDF5495D133}.Debug|Any CPU.Build.0 = Debug|Any CPU
		{F68FA238-39CC-4819-BCFC-CCDF5495D133}.Release|Any CPU.ActiveCfg = Release|Any CPU
		{F68FA238-39CC-4819-BCFC-CCDF5495D133}.Release|Any CPU.Build.0 = Release|Any CPU
		{A9CF71C0-CE16-4340-9401-140930E32208}.Debug|Any CPU.ActiveCfg = Debug|Any CPU
		{A9CF71C0-CE16-4340-9401-140930E32208}.Debug|Any CPU.Build.0 = Debug|Any CPU
		{A9CF71C0-CE16-4340-9401-140930E32208}.Release|Any CPU.ActiveCfg = Release|Any CPU
		{A9CF71C0-CE16-4340-9401-140930E32208}.Release|Any CPU.Build.0 = Release|Any CPU
		{DC09F144-96A6-49D8-A477-9525A33FB1F4}.Debug|Any CPU.ActiveCfg = Debug|Any CPU
		{DC09F144-96A6-49D8-A477-9525A33FB1F4}.Debug|Any CPU.Build.0 = Debug|Any CPU
		{DC09F144-96A6-49D8-A477-9525A33FB1F4}.Release|Any CPU.ActiveCfg = Release|Any CPU
		{DC09F144-96A6-49D8-A477-9525A33FB1F4}.Release|Any CPU.Build.0 = Release|Any CPU
		{FB341982-8752-442A-8A74-ACEB70C2A41D}.Debug|Any CPU.ActiveCfg = Debug|Any CPU
		{FB341982-8752-442A-8A74-ACEB70C2A41D}.Debug|Any CPU.Build.0 = Debug|Any CPU
		{FB341982-8752-442A-8A74-ACEB70C2A41D}.Release|Any CPU.ActiveCfg = Release|Any CPU
		{FB341982-8752-442A-8A74-ACEB70C2A41D}.Release|Any CPU.Build.0 = Release|Any CPU
		{9706F76F-0D72-4EFF-A187-59F02D0B2B78}.Debug|Any CPU.ActiveCfg = Debug|Any CPU
		{9706F76F-0D72-4EFF-A187-59F02D0B2B78}.Debug|Any CPU.Build.0 = Debug|Any CPU
		{9706F76F-0D72-4EFF-A187-59F02D0B2B78}.Release|Any CPU.ActiveCfg = Release|Any CPU
		{9706F76F-0D72-4EFF-A187-59F02D0B2B78}.Release|Any CPU.Build.0 = Release|Any CPU
	EndGlobalSection
	GlobalSection(SolutionProperties) = preSolution
		HideSolutionNode = FALSE
	EndGlobalSection
	GlobalSection(ExtensibilityGlobals) = postSolution
		SolutionGuid = {F47357EB-DBFB-43C1-8DC8-F49F2F9A3789}
	EndGlobalSection
EndGlobal
